
Microsoft Visual Studio Solution File, Format Version 12.00
# Visual Studio 2013
VisualStudioVersion = 12.0.21005.1
MinimumVisualStudioVersion = 10.0.40219.1
Project("{8BC9CEB8-8B4A-11D0-8D11-00A0C91BC942}") = "二维数组中的查找", "二维数组中的查找\二维数组中的查找.vcxproj", "{2E0957FC-34C6-4DBC-8AD6-E6877134705D}"
EndProject
Project("{8BC9CEB8-8B4A-11D0-8D11-00A0C91BC942}") = "替换空格", "替换空格\替换空格.vcxproj", "{352F9461-CD45-4DC7-A7A0-605F126B509F}"
EndProject
Project("{8BC9CEB8-8B4A-11D0-8D11-00A0C91BC942}") = "从尾到头打印链表", "从尾到头打印链表\从尾到头打印链表.vcxproj", "{05DE54C2-8C33-4C6B-988B-A88BAAD659AD}"
EndProject
Project("{8BC9CEB8-8B4A-11D0-8D11-00A0C91BC942}") = "斐波那契数列", "斐波那契数列\斐波那契数列.vcxproj", "{15BFC9AB-8E06-461D-85FA-20F84E6E8673}"
EndProject
Project("{8BC9CEB8-8B4A-11D0-8D11-00A0C91BC942}") = "跳台阶", "跳台阶\跳台阶.vcxproj", "{B770D72A-7CD2-43F6-8479-B2A30D694B39}"
EndProject
Project("{8BC9CEB8-8B4A-11D0-8D11-00A0C91BC942}") = "变态跳台阶", "变态跳台阶\变态跳台阶.vcxproj", "{08212248-F339-4436-A7EC-891C119004C0}"
EndProject
Project("{8BC9CEB8-8B4A-11D0-8D11-00A0C91BC942}") = "二进制中1的个数", "二进制中1的个数\二进制中1的个数.vcxproj", "{7FF1BF14-28BD-465D-A054-7A1E17B191D8}"
EndProject
Project("{8BC9CEB8-8B4A-11D0-8D11-00A0C91BC942}") = "矩形覆盖", "矩形覆盖\矩形覆盖.vcxproj", "{73059A09-70D5-4D08-AE76-01F907146DA7}"
EndProject
Project("{8BC9CEB8-8B4A-11D0-8D11-00A0C91BC942}") = "把字符串转换成整数", "把字符串转换成整数\把字符串转换成整数.vcxproj", "{56D6D9D9-5379-4801-BCA4-A3D16D68C9B2}"
EndProject
Project("{8BC9CEB8-8B4A-11D0-8D11-00A0C91BC942}") = "数组中重复的数字", "数组中重复的数字\数组中重复的数字.vcxproj", "{1F02B099-C7BB-4EF6-A253-C65C8D140E8F}"
EndProject
Project("{8BC9CEB8-8B4A-11D0-8D11-00A0C91BC942}") = "正则表达式匹配", "正则表达式匹配\正则表达式匹配.vcxproj", "{1CC6B3F1-DFBA-4DFA-81D1-415FCF5FCACF}"
EndProject
Project("{8BC9CEB8-8B4A-11D0-8D11-00A0C91BC942}") = "数值的整数次方", "数值的整数次方\数值的整数次方.vcxproj", "{85129DFB-BD5C-482D-8893-1A953E91E6C5}"
EndProject
Project("{8BC9CEB8-8B4A-11D0-8D11-00A0C91BC942}") = "调整数组顺序使奇数位于偶数前面", "调整数组顺序使奇数位于偶数前面\调整数组顺序使奇数位于偶数前面.vcxproj", "{6E0BAA05-24F8-452F-87C6-011A4B457B84}"
EndProject
Project("{8BC9CEB8-8B4A-11D0-8D11-00A0C91BC942}") = "链表中倒数第k个结点", "链表中倒数第k个结点\链表中倒数第k个结点.vcxproj", "{2DA3835E-2AD0-4F1E-A2FB-376249511405}"
EndProject
Project("{8BC9CEB8-8B4A-11D0-8D11-00A0C91BC942}") = "反转链表", "反转链表\反转链表.vcxproj", "{1224349B-BF98-42BE-96E9-301F503AE8FE}"
EndProject
Project("{8BC9CEB8-8B4A-11D0-8D11-00A0C91BC942}") = "合并连个排序链表", "合并连个排序链表\合并连个排序链表.vcxproj", "{634703D0-856A-4638-831B-A67D3F9B5FA5}"
EndProject
Project("{8BC9CEB8-8B4A-11D0-8D11-00A0C91BC942}") = "顺时针打印矩阵", "顺时针打印矩阵\顺时针打印矩阵.vcxproj", "{D263B822-896B-42B9-8AB7-15E67D20FB3A}"
EndProject
Project("{8BC9CEB8-8B4A-11D0-8D11-00A0C91BC942}") = "包含min函数的栈", "包含min函数的栈\包含min函数的栈.vcxproj", "{74AF0D2C-80DE-4B81-B717-8A8DEAB6852C}"
EndProject
Project("{8BC9CEB8-8B4A-11D0-8D11-00A0C91BC942}") = "栈的压入、弹出序列", "栈的压入、弹出序列\栈的压入、弹出序列.vcxproj", "{63A94C5F-38BD-467A-830D-96B64CC9BD71}"
EndProject
Project("{8BC9CEB8-8B4A-11D0-8D11-00A0C91BC942}") = "删除链表中重复的结点", "删除链表中重复的结点\删除链表中重复的结点.vcxproj", "{4B3ECEE3-5FA1-489C-993C-9012F5400685}"
EndProject
Project("{8BC9CEB8-8B4A-11D0-8D11-00A0C91BC942}") = "旋转数组的最小数字", "旋转数组的最小数字\旋转数组的最小数字.vcxproj", "{F4E8E13F-B468-417E-A68A-F11CC68670C2}"
EndProject
Global
	GlobalSection(SolutionConfigurationPlatforms) = preSolution
		Debug|Win32 = Debug|Win32
		Release|Win32 = Release|Win32
	EndGlobalSection
	GlobalSection(ProjectConfigurationPlatforms) = postSolution
		{2E0957FC-34C6-4DBC-8AD6-E6877134705D}.Debug|Win32.ActiveCfg = Debug|Win32
		{2E0957FC-34C6-4DBC-8AD6-E6877134705D}.Debug|Win32.Build.0 = Debug|Win32
		{2E0957FC-34C6-4DBC-8AD6-E6877134705D}.Release|Win32.ActiveCfg = Release|Win32
		{2E0957FC-34C6-4DBC-8AD6-E6877134705D}.Release|Win32.Build.0 = Release|Win32
		{352F9461-CD45-4DC7-A7A0-605F126B509F}.Debug|Win32.ActiveCfg = Debug|Win32
		{352F9461-CD45-4DC7-A7A0-605F126B509F}.Debug|Win32.Build.0 = Debug|Win32
		{352F9461-CD45-4DC7-A7A0-605F126B509F}.Release|Win32.ActiveCfg = Release|Win32
		{352F9461-CD45-4DC7-A7A0-605F126B509F}.Release|Win32.Build.0 = Release|Win32
		{05DE54C2-8C33-4C6B-988B-A88BAAD659AD}.Debug|Win32.ActiveCfg = Debug|Win32
		{05DE54C2-8C33-4C6B-988B-A88BAAD659AD}.Debug|Win32.Build.0 = Debug|Win32
		{05DE54C2-8C33-4C6B-988B-A88BAAD659AD}.Release|Win32.ActiveCfg = Release|Win32
		{05DE54C2-8C33-4C6B-988B-A88BAAD659AD}.Release|Win32.Build.0 = Release|Win32
		{15BFC9AB-8E06-461D-85FA-20F84E6E8673}.Debug|Win32.ActiveCfg = Debug|Win32
		{15BFC9AB-8E06-461D-85FA-20F84E6E8673}.Debug|Win32.Build.0 = Debug|Win32
		{15BFC9AB-8E06-461D-85FA-20F84E6E8673}.Release|Win32.ActiveCfg = Release|Win32
		{15BFC9AB-8E06-461D-85FA-20F84E6E8673}.Release|Win32.Build.0 = Release|Win32
		{B770D72A-7CD2-43F6-8479-B2A30D694B39}.Debug|Win32.ActiveCfg = Debug|Win32
		{B770D72A-7CD2-43F6-8479-B2A30D694B39}.Debug|Win32.Build.0 = Debug|Win32
		{B770D72A-7CD2-43F6-8479-B2A30D694B39}.Release|Win32.ActiveCfg = Release|Win32
		{B770D72A-7CD2-43F6-8479-B2A30D694B39}.Release|Win32.Build.0 = Release|Win32
		{08212248-F339-4436-A7EC-891C119004C0}.Debug|Win32.ActiveCfg = Debug|Win32
		{08212248-F339-4436-A7EC-891C119004C0}.Debug|Win32.Build.0 = Debug|Win32
		{08212248-F339-4436-A7EC-891C119004C0}.Release|Win32.ActiveCfg = Release|Win32
		{08212248-F339-4436-A7EC-891C119004C0}.Release|Win32.Build.0 = Release|Win32
		{7FF1BF14-28BD-465D-A054-7A1E17B191D8}.Debug|Win32.ActiveCfg = Debug|Win32
		{7FF1BF14-28BD-465D-A054-7A1E17B191D8}.Debug|Win32.Build.0 = Debug|Win32
		{7FF1BF14-28BD-465D-A054-7A1E17B191D8}.Release|Win32.ActiveCfg = Release|Win32
		{7FF1BF14-28BD-465D-A054-7A1E17B191D8}.Release|Win32.Build.0 = Release|Win32
		{73059A09-70D5-4D08-AE76-01F907146DA7}.Debug|Win32.ActiveCfg = Debug|Win32
		{73059A09-70D5-4D08-AE76-01F907146DA7}.Debug|Win32.Build.0 = Debug|Win32
		{73059A09-70D5-4D08-AE76-01F907146DA7}.Release|Win32.ActiveCfg = Release|Win32
		{73059A09-70D5-4D08-AE76-01F907146DA7}.Release|Win32.Build.0 = Release|Win32
		{56D6D9D9-5379-4801-BCA4-A3D16D68C9B2}.Debug|Win32.ActiveCfg = Debug|Win32
		{56D6D9D9-5379-4801-BCA4-A3D16D68C9B2}.Debug|Win32.Build.0 = Debug|Win32
		{56D6D9D9-5379-4801-BCA4-A3D16D68C9B2}.Release|Win32.ActiveCfg = Release|Win32
		{56D6D9D9-5379-4801-BCA4-A3D16D68C9B2}.Release|Win32.Build.0 = Release|Win32
		{1F02B099-C7BB-4EF6-A253-C65C8D140E8F}.Debug|Win32.ActiveCfg = Debug|Win32
		{1F02B099-C7BB-4EF6-A253-C65C8D140E8F}.Debug|Win32.Build.0 = Debug|Win32
		{1F02B099-C7BB-4EF6-A253-C65C8D140E8F}.Release|Win32.ActiveCfg = Release|Win32
		{1F02B099-C7BB-4EF6-A253-C65C8D140E8F}.Release|Win32.Build.0 = Release|Win32
		{1CC6B3F1-DFBA-4DFA-81D1-415FCF5FCACF}.Debug|Win32.ActiveCfg = Debug|Win32
		{1CC6B3F1-DFBA-4DFA-81D1-415FCF5FCACF}.Debug|Win32.Build.0 = Debug|Win32
		{1CC6B3F1-DFBA-4DFA-81D1-415FCF5FCACF}.Release|Win32.ActiveCfg = Release|Win32
		{1CC6B3F1-DFBA-4DFA-81D1-415FCF5FCACF}.Release|Win32.Build.0 = Release|Win32
		{85129DFB-BD5C-482D-8893-1A953E91E6C5}.Debug|Win32.ActiveCfg = Debug|Win32
		{85129DFB-BD5C-482D-8893-1A953E91E6C5}.Debug|Win32.Build.0 = Debug|Win32
		{85129DFB-BD5C-482D-8893-1A953E91E6C5}.Release|Win32.ActiveCfg = Release|Win32
		{85129DFB-BD5C-482D-8893-1A953E91E6C5}.Release|Win32.Build.0 = Release|Win32
		{6E0BAA05-24F8-452F-87C6-011A4B457B84}.Debug|Win32.ActiveCfg = Debug|Win32
		{6E0BAA05-24F8-452F-87C6-011A4B457B84}.Debug|Win32.Build.0 = Debug|Win32
		{6E0BAA05-24F8-452F-87C6-011A4B457B84}.Release|Win32.ActiveCfg = Release|Win32
		{6E0BAA05-24F8-452F-87C6-011A4B457B84}.Release|Win32.Build.0 = Release|Win32
		{2DA3835E-2AD0-4F1E-A2FB-376249511405}.Debug|Win32.ActiveCfg = Debug|Win32
		{2DA3835E-2AD0-4F1E-A2FB-376249511405}.Debug|Win32.Build.0 = Debug|Win32
		{2DA3835E-2AD0-4F1E-A2FB-376249511405}.Release|Win32.ActiveCfg = Release|Win32
		{2DA3835E-2AD0-4F1E-A2FB-376249511405}.Release|Win32.Build.0 = Release|Win32
		{1224349B-BF98-42BE-96E9-301F503AE8FE}.Debug|Win32.ActiveCfg = Debug|Win32
		{1224349B-BF98-42BE-96E9-301F503AE8FE}.Debug|Win32.Build.0 = Debug|Win32
		{1224349B-BF98-42BE-96E9-301F503AE8FE}.Release|Win32.ActiveCfg = Release|Win32
		{1224349B-BF98-42BE-96E9-301F503AE8FE}.Release|Win32.Build.0 = Release|Win32
		{634703D0-856A-4638-831B-A67D3F9B5FA5}.Debug|Win32.ActiveCfg = Debug|Win32
		{634703D0-856A-4638-831B-A67D3F9B5FA5}.Debug|Win32.Build.0 = Debug|Win32
		{634703D0-856A-4638-831B-A67D3F9B5FA5}.Release|Win32.ActiveCfg = Release|Win32
		{634703D0-856A-4638-831B-A67D3F9B5FA5}.Release|Win32.Build.0 = Release|Win32
		{D263B822-896B-42B9-8AB7-15E67D20FB3A}.Debug|Win32.ActiveCfg = Debug|Win32
		{D263B822-896B-42B9-8AB7-15E67D20FB3A}.Debug|Win32.Build.0 = Debug|Win32
		{D263B822-896B-42B9-8AB7-15E67D20FB3A}.Release|Win32.ActiveCfg = Release|Win32
		{D263B822-896B-42B9-8AB7-15E67D20FB3A}.Release|Win32.Build.0 = Release|Win32
		{74AF0D2C-80DE-4B81-B717-8A8DEAB6852C}.Debug|Win32.ActiveCfg = Debug|Win32
		{74AF0D2C-80DE-4B81-B717-8A8DEAB6852C}.Debug|Win32.Build.0 = Debug|Win32
		{74AF0D2C-80DE-4B81-B717-8A8DEAB6852C}.Release|Win32.ActiveCfg = Release|Win32
		{74AF0D2C-80DE-4B81-B717-8A8DEAB6852C}.Release|Win32.Build.0 = Release|Win32
		{63A94C5F-38BD-467A-830D-96B64CC9BD71}.Debug|Win32.ActiveCfg = Debug|Win32
		{63A94C5F-38BD-467A-830D-96B64CC9BD71}.Debug|Win32.Build.0 = Debug|Win32
		{63A94C5F-38BD-467A-830D-96B64CC9BD71}.Release|Win32.ActiveCfg = Release|Win32
		{63A94C5F-38BD-467A-830D-96B64CC9BD71}.Release|Win32.Build.0 = Release|Win32
		{4B3ECEE3-5FA1-489C-993C-9012F5400685}.Debug|Win32.ActiveCfg = Debug|Win32
		{4B3ECEE3-5FA1-489C-993C-9012F5400685}.Debug|Win32.Build.0 = Debug|Win32
		{4B3ECEE3-5FA1-489C-993C-9012F5400685}.Release|Win32.ActiveCfg = Release|Win32
		{4B3ECEE3-5FA1-489C-993C-9012F5400685}.Release|Win32.Build.0 = Release|Win32
		{F4E8E13F-B468-417E-A68A-F11CC68670C2}.Debug|Win32.ActiveCfg = Debug|Win32
		{F4E8E13F-B468-417E-A68A-F11CC68670C2}.Debug|Win32.Build.0 = Debug|Win32
		{F4E8E13F-B468-417E-A68A-F11CC68670C2}.Release|Win32.ActiveCfg = Release|Win32
		{F4E8E13F-B468-417E-A68A-F11CC68670C2}.Release|Win32.Build.0 = Release|Win32
	EndGlobalSection
	GlobalSection(SolutionProperties) = preSolution
		HideSolutionNode = FALSE
	EndGlobalSection
EndGlobal
