
Microsoft Visual Studio Solution File, Format Version 12.00
# Visual Studio 2013
VisualStudioVersion = 12.0.21005.1
MinimumVisualStudioVersion = 10.0.40219.1
Project("{8BC9CEB8-8B4A-11D0-8D11-00A0C91BC942}") = "0104.Maximum Depth of Binary Tree", "0104.二叉树最大深度\104 二叉树最大深度.vcxproj", "{331EA3D3-75CB-49D0-94C4-8FEC15B43282}"
EndProject
Project("{8BC9CEB8-8B4A-11D0-8D11-00A0C91BC942}") = "0031.Next Permutaion", "0031.Next Permutaion\31 Next Permutaion.vcxproj", "{3976B91E-DACA-40AF-B98B-4D0FE2DCD0BD}"
EndProject
Project("{8BC9CEB8-8B4A-11D0-8D11-00A0C91BC942}") = "0100.Same Tree", "0100.Same Tree\100 Same Tree.vcxproj", "{53BABA15-BD54-4435-9FDF-3122A3917FE4}"
EndProject
Project("{8BC9CEB8-8B4A-11D0-8D11-00A0C91BC942}") = "0122.Best Time to Buy and Sell Stock 2", "0122.Best Time to Buy and Sell Stock 2\122 Best Time to Buy and Sell Stock 2.vcxproj", "{B9C2472D-0FE3-4FF1-9166-BABB5402651C}"
EndProject
Project("{8BC9CEB8-8B4A-11D0-8D11-00A0C91BC942}") = "0144.Binary Tree Preorder Traversal", "0144.Binary Tree Preorder Traversal\Binary Tree Preorder Traversal.vcxproj", "{3B46FF5A-9CE1-419B-A6E2-3F0E863A3AFA}"
EndProject
Project("{8BC9CEB8-8B4A-11D0-8D11-00A0C91BC942}") = "0094.Binary Tree Inorder Traversal", "0094.Binary Tree Inorder Traversal\94 Binary Tree Inorder Traversal.vcxproj", "{F28F195D-7A2B-48E4-9346-14B71E264A79}"
EndProject
Project("{8BC9CEB8-8B4A-11D0-8D11-00A0C91BC942}") = "0116.Populating Next Right Pointers in Each Node", "0116.Populating Next Right Pointers in Each Node\116 Populating Next Right Pointers in Each Node.vcxproj", "{4DC617D2-360E-4282-835E-D9E56FF963A4}"
EndProject
Project("{8BC9CEB8-8B4A-11D0-8D11-00A0C91BC942}") = "0027.Contains Duplicate", "0027.Contains Duplicate\27 Contains Duplicate.vcxproj", "{9B6B960E-04E7-47CF-9A5C-BC243E6B22FE}"
EndProject
Project("{8BC9CEB8-8B4A-11D0-8D11-00A0C91BC942}") = "0064.Minimun Path Sum", "0064.Minimun Path Sum\64 Minimun Path Sum.vcxproj", "{33495BCA-E42C-4FE2-977D-E0FB4913E656}"
EndProject
Project("{8BC9CEB8-8B4A-11D0-8D11-00A0C91BC942}") = "0120.Trangle", "0120.Trangle\120 Trangle.vcxproj", "{686A3D47-655C-43F2-AC5C-3E4FDEFF0176}"
EndProject
Project("{8BC9CEB8-8B4A-11D0-8D11-00A0C91BC942}") = "0053.Maximum Subadrray", "0053.Maximum Subadrray\53 Maximum Subadrray.vcxproj", "{608F8666-A3C1-433F-819C-579C6E5F7F58}"
EndProject
Project("{2150E333-8FDC-42A3-9474-1A3956D46DE8}") = "13.动态规划", "13.动态规划", "{6426086E-D22D-413D-BDA9-74889AAD3B3A}"
EndProject
Project("{2150E333-8FDC-42A3-9474-1A3956D46DE8}") = "02.线性表", "02.线性表", "{AEB82FEF-F3C5-41F6-A507-8BB0D6227CB3}"
EndProject
Project("{2150E333-8FDC-42A3-9474-1A3956D46DE8}") = "03.字符串", "03.字符串", "{1FA5DFEE-F938-4363-AE30-D4A0B3E8365F}"
EndProject
Project("{2150E333-8FDC-42A3-9474-1A3956D46DE8}") = "04.栈和队列", "04.栈和队列", "{471DB907-58B3-46B6-BEC3-46978F5215DA}"
EndProject
Project("{2150E333-8FDC-42A3-9474-1A3956D46DE8}") = "05.树", "05.树", "{C76157CB-7295-4809-8FD3-E9C359BCAE77}"
EndProject
Project("{2150E333-8FDC-42A3-9474-1A3956D46DE8}") = "06.排序", "06.排序", "{6F1CDB46-5CD3-45F5-80C1-1DEFDE404AEF}"
EndProject
Project("{2150E333-8FDC-42A3-9474-1A3956D46DE8}") = "07.查找", "07.查找", "{4AEBE2FC-9BEF-437B-9F0A-A8F3F75AFF79}"
EndProject
Project("{2150E333-8FDC-42A3-9474-1A3956D46DE8}") = "08.暴力枚举法", "08.暴力枚举法", "{84E98F2D-521F-4CAF-B1ED-277621806EA7}"
EndProject
Project("{2150E333-8FDC-42A3-9474-1A3956D46DE8}") = "09.广度优先搜索", "09.广度优先搜索", "{E133D50B-145E-44A2-8A6E-D8148E52F6DE}"
EndProject
Project("{2150E333-8FDC-42A3-9474-1A3956D46DE8}") = "10.深度优先搜索", "10.深度优先搜索", "{D3F3B589-0ADC-4820-A4F2-12D98D808F29}"
EndProject
Project("{2150E333-8FDC-42A3-9474-1A3956D46DE8}") = "11.分治法", "11.分治法", "{296222D4-D285-43C0-81FB-DD9AF56DE197}"
EndProject
Project("{2150E333-8FDC-42A3-9474-1A3956D46DE8}") = "12.贪心法", "12.贪心法", "{E6CE53E6-25BA-4247-8BA4-DA71AFBBDBE6}"
EndProject
Project("{2150E333-8FDC-42A3-9474-1A3956D46DE8}") = "14.图", "14.图", "{B40C5ACE-6CDC-4920-B8F9-1A6F10C4C6C7}"
EndProject
Project("{2150E333-8FDC-42A3-9474-1A3956D46DE8}") = "15.细节实现", "15.细节实现", "{C1E8265F-9460-481E-98ED-34321566FF1A}"
EndProject
Project("{8BC9CEB8-8B4A-11D0-8D11-00A0C91BC942}") = "0072.Edit Distance", "0072.Edit Distance\72 Edit Distance.vcxproj", "{0CB996F5-79D5-41EB-B166-F0DCABDC1AD9}"
EndProject
Project("{8BC9CEB8-8B4A-11D0-8D11-00A0C91BC942}") = "0084.Largest Rectange in Histogram", "0084.Largest Rectange in Histogram\84 Largest Rectange in Histogram.vcxproj", "{114DE17F-238E-4B59-B686-0009F4960AE9}"
EndProject
Project("{8BC9CEB8-8B4A-11D0-8D11-00A0C91BC942}") = "0202.Biewise AND of Numbers Range", "0202.Biewise AND of Numbers Range\202.Biewise AND of Numbers Range.vcxproj", "{7924908B-8783-4772-94E9-E77D790F1DA7}"
EndProject
Project("{8BC9CEB8-8B4A-11D0-8D11-00A0C91BC942}") = "0001.Two Sum", "0001.Two Sum\1.Two Sum.vcxproj", "{3B3D48C4-A9FF-46A0-98B7-BBCF021AE776}"
EndProject
Project("{8BC9CEB8-8B4A-11D0-8D11-00A0C91BC942}") = "0002.Add Two Numbers", "0002.Add Two Numbers\2.Add Two Numbers.vcxproj", "{EF1FAE1A-B50D-4B9E-86D3-36EB6CA09643}"
EndProject
Project("{8BC9CEB8-8B4A-11D0-8D11-00A0C91BC942}") = "0003.Longest Substring Without Repeating Characters", "0003.Longest Substring Without Repeating Characters\3.Longest Substring Without Repeating Characters.vcxproj", "{721EADB3-B814-4A21-B140-2451234D03ED}"
EndProject
Project("{8BC9CEB8-8B4A-11D0-8D11-00A0C91BC942}") = "0004.Median of Two Sorted Arrays", "0004.Median of Two Sorted Arrays\4.Median of Two Sorted Arrays.vcxproj", "{083F3D22-54C2-4DD2-9CF3-52032C61A239}"
EndProject
Project("{8BC9CEB8-8B4A-11D0-8D11-00A0C91BC942}") = "0005.Longest Palindromic Substring", "0005.Longest Palindromic Substring\5.Longest Palindromic Substring.vcxproj", "{490B9869-75EE-4B48-8243-C4CED9E618FB}"
EndProject
Project("{8BC9CEB8-8B4A-11D0-8D11-00A0C91BC942}") = "0006.ZigZag Conversion", "0006.ZigZag Conversion\0006 ZigZag Conversion.vcxproj", "{8D3B729F-850F-41BD-A806-3AC384D7B884}"
EndProject
Project("{8BC9CEB8-8B4A-11D0-8D11-00A0C91BC942}") = "0007.Reverse Interger", "0007.Reverse Interger\0007.Reverse Interger.vcxproj", "{FAA50B75-9EB5-4B59-B98B-4DF2D140710D}"
EndProject
Project("{8BC9CEB8-8B4A-11D0-8D11-00A0C91BC942}") = "0008.String to Integer(atoi)", "0008.String to Integer(atoi)\8.String to Integer(atoi).vcxproj", "{6E90B6CD-FA41-441D-8748-3C0DF69868C2}"
EndProject
Project("{8BC9CEB8-8B4A-11D0-8D11-00A0C91BC942}") = "0009.Palindrome Number", "0009.Palindrome Number\0009.Palindrome Number.vcxproj", "{3A5F942C-C858-4BB9-B0A2-ACF868794F57}"
EndProject
Project("{8BC9CEB8-8B4A-11D0-8D11-00A0C91BC942}") = "0010.Regular Expression Matching", "0010.Regular Expression Matching\0010.Regular Expression Matching.vcxproj", "{5F36DD8A-CD5A-4D76-9F8A-8660FF3D5373}"
EndProject
Project("{8BC9CEB8-8B4A-11D0-8D11-00A0C91BC942}") = "0011.Container With Most Water", "0011.Container With Most Water\0011.Container With Most Water.vcxproj", "{FF0D7F05-143B-4EE8-A79A-6FC25D1FBAB2}"
EndProject
Project("{8BC9CEB8-8B4A-11D0-8D11-00A0C91BC942}") = "0012.Integer to Roman", "0012.Integer to Roman\0012.Integer to Roman.vcxproj", "{5C72FF2D-B69D-40F8-BF7E-1151198CADC1}"
EndProject
Project("{8BC9CEB8-8B4A-11D0-8D11-00A0C91BC942}") = "0013.Roman to Integer", "0013.Roman to Integer\0013.Roman to Integer.vcxproj", "{2674F6B5-A004-4026-969F-154EE0A05ADE}"
EndProject
Project("{8BC9CEB8-8B4A-11D0-8D11-00A0C91BC942}") = "0014.Longest Common Prefix", "0014.Longest Common Prefix\0014.Longest Common Prefix.vcxproj", "{F6B7AED0-95DB-4E7B-9B3C-132608C8A4E9}"
EndProject
Project("{8BC9CEB8-8B4A-11D0-8D11-00A0C91BC942}") = "0015.3Sum", "0015.3Sum\0015.3Sum.vcxproj", "{93802F58-9474-46C2-B509-467CF9821107}"
EndProject
Project("{2150E333-8FDC-42A3-9474-1A3956D46DE8}") = "Classify", "Classify", "{EB104458-2846-47E4-BB69-6088D5C25BA8}"
EndProject
Global
	GlobalSection(SolutionConfigurationPlatforms) = preSolution
		Debug|Win32 = Debug|Win32
		Release|Win32 = Release|Win32
	EndGlobalSection
	GlobalSection(ProjectConfigurationPlatforms) = postSolution
		{331EA3D3-75CB-49D0-94C4-8FEC15B43282}.Debug|Win32.ActiveCfg = Debug|Win32
		{331EA3D3-75CB-49D0-94C4-8FEC15B43282}.Debug|Win32.Build.0 = Debug|Win32
		{331EA3D3-75CB-49D0-94C4-8FEC15B43282}.Release|Win32.ActiveCfg = Release|Win32
		{331EA3D3-75CB-49D0-94C4-8FEC15B43282}.Release|Win32.Build.0 = Release|Win32
		{3976B91E-DACA-40AF-B98B-4D0FE2DCD0BD}.Debug|Win32.ActiveCfg = Debug|Win32
		{3976B91E-DACA-40AF-B98B-4D0FE2DCD0BD}.Debug|Win32.Build.0 = Debug|Win32
		{3976B91E-DACA-40AF-B98B-4D0FE2DCD0BD}.Release|Win32.ActiveCfg = Release|Win32
		{3976B91E-DACA-40AF-B98B-4D0FE2DCD0BD}.Release|Win32.Build.0 = Release|Win32
		{53BABA15-BD54-4435-9FDF-3122A3917FE4}.Debug|Win32.ActiveCfg = Debug|Win32
		{53BABA15-BD54-4435-9FDF-3122A3917FE4}.Debug|Win32.Build.0 = Debug|Win32
		{53BABA15-BD54-4435-9FDF-3122A3917FE4}.Release|Win32.ActiveCfg = Release|Win32
		{53BABA15-BD54-4435-9FDF-3122A3917FE4}.Release|Win32.Build.0 = Release|Win32
		{B9C2472D-0FE3-4FF1-9166-BABB5402651C}.Debug|Win32.ActiveCfg = Debug|Win32
		{B9C2472D-0FE3-4FF1-9166-BABB5402651C}.Debug|Win32.Build.0 = Debug|Win32
		{B9C2472D-0FE3-4FF1-9166-BABB5402651C}.Release|Win32.ActiveCfg = Release|Win32
		{B9C2472D-0FE3-4FF1-9166-BABB5402651C}.Release|Win32.Build.0 = Release|Win32
		{3B46FF5A-9CE1-419B-A6E2-3F0E863A3AFA}.Debug|Win32.ActiveCfg = Debug|Win32
		{3B46FF5A-9CE1-419B-A6E2-3F0E863A3AFA}.Debug|Win32.Build.0 = Debug|Win32
		{3B46FF5A-9CE1-419B-A6E2-3F0E863A3AFA}.Release|Win32.ActiveCfg = Release|Win32
		{3B46FF5A-9CE1-419B-A6E2-3F0E863A3AFA}.Release|Win32.Build.0 = Release|Win32
		{F28F195D-7A2B-48E4-9346-14B71E264A79}.Debug|Win32.ActiveCfg = Debug|Win32
		{F28F195D-7A2B-48E4-9346-14B71E264A79}.Debug|Win32.Build.0 = Debug|Win32
		{F28F195D-7A2B-48E4-9346-14B71E264A79}.Release|Win32.ActiveCfg = Release|Win32
		{F28F195D-7A2B-48E4-9346-14B71E264A79}.Release|Win32.Build.0 = Release|Win32
		{4DC617D2-360E-4282-835E-D9E56FF963A4}.Debug|Win32.ActiveCfg = Debug|Win32
		{4DC617D2-360E-4282-835E-D9E56FF963A4}.Debug|Win32.Build.0 = Debug|Win32
		{4DC617D2-360E-4282-835E-D9E56FF963A4}.Release|Win32.ActiveCfg = Release|Win32
		{4DC617D2-360E-4282-835E-D9E56FF963A4}.Release|Win32.Build.0 = Release|Win32
		{9B6B960E-04E7-47CF-9A5C-BC243E6B22FE}.Debug|Win32.ActiveCfg = Debug|Win32
		{9B6B960E-04E7-47CF-9A5C-BC243E6B22FE}.Debug|Win32.Build.0 = Debug|Win32
		{9B6B960E-04E7-47CF-9A5C-BC243E6B22FE}.Release|Win32.ActiveCfg = Release|Win32
		{9B6B960E-04E7-47CF-9A5C-BC243E6B22FE}.Release|Win32.Build.0 = Release|Win32
		{33495BCA-E42C-4FE2-977D-E0FB4913E656}.Debug|Win32.ActiveCfg = Debug|Win32
		{33495BCA-E42C-4FE2-977D-E0FB4913E656}.Debug|Win32.Build.0 = Debug|Win32
		{33495BCA-E42C-4FE2-977D-E0FB4913E656}.Release|Win32.ActiveCfg = Release|Win32
		{33495BCA-E42C-4FE2-977D-E0FB4913E656}.Release|Win32.Build.0 = Release|Win32
		{686A3D47-655C-43F2-AC5C-3E4FDEFF0176}.Debug|Win32.ActiveCfg = Debug|Win32
		{686A3D47-655C-43F2-AC5C-3E4FDEFF0176}.Debug|Win32.Build.0 = Debug|Win32
		{686A3D47-655C-43F2-AC5C-3E4FDEFF0176}.Release|Win32.ActiveCfg = Release|Win32
		{686A3D47-655C-43F2-AC5C-3E4FDEFF0176}.Release|Win32.Build.0 = Release|Win32
		{608F8666-A3C1-433F-819C-579C6E5F7F58}.Debug|Win32.ActiveCfg = Debug|Win32
		{608F8666-A3C1-433F-819C-579C6E5F7F58}.Debug|Win32.Build.0 = Debug|Win32
		{608F8666-A3C1-433F-819C-579C6E5F7F58}.Release|Win32.ActiveCfg = Release|Win32
		{608F8666-A3C1-433F-819C-579C6E5F7F58}.Release|Win32.Build.0 = Release|Win32
		{0CB996F5-79D5-41EB-B166-F0DCABDC1AD9}.Debug|Win32.ActiveCfg = Debug|Win32
		{0CB996F5-79D5-41EB-B166-F0DCABDC1AD9}.Debug|Win32.Build.0 = Debug|Win32
		{0CB996F5-79D5-41EB-B166-F0DCABDC1AD9}.Release|Win32.ActiveCfg = Release|Win32
		{0CB996F5-79D5-41EB-B166-F0DCABDC1AD9}.Release|Win32.Build.0 = Release|Win32
		{114DE17F-238E-4B59-B686-0009F4960AE9}.Debug|Win32.ActiveCfg = Debug|Win32
		{114DE17F-238E-4B59-B686-0009F4960AE9}.Debug|Win32.Build.0 = Debug|Win32
		{114DE17F-238E-4B59-B686-0009F4960AE9}.Release|Win32.ActiveCfg = Release|Win32
		{114DE17F-238E-4B59-B686-0009F4960AE9}.Release|Win32.Build.0 = Release|Win32
		{7924908B-8783-4772-94E9-E77D790F1DA7}.Debug|Win32.ActiveCfg = Debug|Win32
		{7924908B-8783-4772-94E9-E77D790F1DA7}.Debug|Win32.Build.0 = Debug|Win32
		{7924908B-8783-4772-94E9-E77D790F1DA7}.Release|Win32.ActiveCfg = Release|Win32
		{7924908B-8783-4772-94E9-E77D790F1DA7}.Release|Win32.Build.0 = Release|Win32
		{3B3D48C4-A9FF-46A0-98B7-BBCF021AE776}.Debug|Win32.ActiveCfg = Debug|Win32
		{3B3D48C4-A9FF-46A0-98B7-BBCF021AE776}.Debug|Win32.Build.0 = Debug|Win32
		{3B3D48C4-A9FF-46A0-98B7-BBCF021AE776}.Release|Win32.ActiveCfg = Release|Win32
		{3B3D48C4-A9FF-46A0-98B7-BBCF021AE776}.Release|Win32.Build.0 = Release|Win32
		{EF1FAE1A-B50D-4B9E-86D3-36EB6CA09643}.Debug|Win32.ActiveCfg = Debug|Win32
		{EF1FAE1A-B50D-4B9E-86D3-36EB6CA09643}.Debug|Win32.Build.0 = Debug|Win32
		{EF1FAE1A-B50D-4B9E-86D3-36EB6CA09643}.Release|Win32.ActiveCfg = Release|Win32
		{EF1FAE1A-B50D-4B9E-86D3-36EB6CA09643}.Release|Win32.Build.0 = Release|Win32
		{721EADB3-B814-4A21-B140-2451234D03ED}.Debug|Win32.ActiveCfg = Debug|Win32
		{721EADB3-B814-4A21-B140-2451234D03ED}.Debug|Win32.Build.0 = Debug|Win32
		{721EADB3-B814-4A21-B140-2451234D03ED}.Release|Win32.ActiveCfg = Release|Win32
		{721EADB3-B814-4A21-B140-2451234D03ED}.Release|Win32.Build.0 = Release|Win32
		{083F3D22-54C2-4DD2-9CF3-52032C61A239}.Debug|Win32.ActiveCfg = Debug|Win32
		{083F3D22-54C2-4DD2-9CF3-52032C61A239}.Debug|Win32.Build.0 = Debug|Win32
		{083F3D22-54C2-4DD2-9CF3-52032C61A239}.Release|Win32.ActiveCfg = Release|Win32
		{083F3D22-54C2-4DD2-9CF3-52032C61A239}.Release|Win32.Build.0 = Release|Win32
		{490B9869-75EE-4B48-8243-C4CED9E618FB}.Debug|Win32.ActiveCfg = Debug|Win32
		{490B9869-75EE-4B48-8243-C4CED9E618FB}.Debug|Win32.Build.0 = Debug|Win32
		{490B9869-75EE-4B48-8243-C4CED9E618FB}.Release|Win32.ActiveCfg = Release|Win32
		{490B9869-75EE-4B48-8243-C4CED9E618FB}.Release|Win32.Build.0 = Release|Win32
		{8D3B729F-850F-41BD-A806-3AC384D7B884}.Debug|Win32.ActiveCfg = Debug|Win32
		{8D3B729F-850F-41BD-A806-3AC384D7B884}.Debug|Win32.Build.0 = Debug|Win32
		{8D3B729F-850F-41BD-A806-3AC384D7B884}.Release|Win32.ActiveCfg = Release|Win32
		{8D3B729F-850F-41BD-A806-3AC384D7B884}.Release|Win32.Build.0 = Release|Win32
		{FAA50B75-9EB5-4B59-B98B-4DF2D140710D}.Debug|Win32.ActiveCfg = Debug|Win32
		{FAA50B75-9EB5-4B59-B98B-4DF2D140710D}.Debug|Win32.Build.0 = Debug|Win32
		{FAA50B75-9EB5-4B59-B98B-4DF2D140710D}.Release|Win32.ActiveCfg = Release|Win32
		{FAA50B75-9EB5-4B59-B98B-4DF2D140710D}.Release|Win32.Build.0 = Release|Win32
		{6E90B6CD-FA41-441D-8748-3C0DF69868C2}.Debug|Win32.ActiveCfg = Debug|Win32
		{6E90B6CD-FA41-441D-8748-3C0DF69868C2}.Debug|Win32.Build.0 = Debug|Win32
		{6E90B6CD-FA41-441D-8748-3C0DF69868C2}.Release|Win32.ActiveCfg = Release|Win32
		{6E90B6CD-FA41-441D-8748-3C0DF69868C2}.Release|Win32.Build.0 = Release|Win32
		{3A5F942C-C858-4BB9-B0A2-ACF868794F57}.Debug|Win32.ActiveCfg = Debug|Win32
		{3A5F942C-C858-4BB9-B0A2-ACF868794F57}.Debug|Win32.Build.0 = Debug|Win32
		{3A5F942C-C858-4BB9-B0A2-ACF868794F57}.Release|Win32.ActiveCfg = Release|Win32
		{3A5F942C-C858-4BB9-B0A2-ACF868794F57}.Release|Win32.Build.0 = Release|Win32
		{5F36DD8A-CD5A-4D76-9F8A-8660FF3D5373}.Debug|Win32.ActiveCfg = Debug|Win32
		{5F36DD8A-CD5A-4D76-9F8A-8660FF3D5373}.Debug|Win32.Build.0 = Debug|Win32
		{5F36DD8A-CD5A-4D76-9F8A-8660FF3D5373}.Release|Win32.ActiveCfg = Release|Win32
		{5F36DD8A-CD5A-4D76-9F8A-8660FF3D5373}.Release|Win32.Build.0 = Release|Win32
		{FF0D7F05-143B-4EE8-A79A-6FC25D1FBAB2}.Debug|Win32.ActiveCfg = Debug|Win32
		{FF0D7F05-143B-4EE8-A79A-6FC25D1FBAB2}.Debug|Win32.Build.0 = Debug|Win32
		{FF0D7F05-143B-4EE8-A79A-6FC25D1FBAB2}.Release|Win32.ActiveCfg = Release|Win32
		{FF0D7F05-143B-4EE8-A79A-6FC25D1FBAB2}.Release|Win32.Build.0 = Release|Win32
		{5C72FF2D-B69D-40F8-BF7E-1151198CADC1}.Debug|Win32.ActiveCfg = Debug|Win32
		{5C72FF2D-B69D-40F8-BF7E-1151198CADC1}.Debug|Win32.Build.0 = Debug|Win32
		{5C72FF2D-B69D-40F8-BF7E-1151198CADC1}.Release|Win32.ActiveCfg = Release|Win32
		{5C72FF2D-B69D-40F8-BF7E-1151198CADC1}.Release|Win32.Build.0 = Release|Win32
		{2674F6B5-A004-4026-969F-154EE0A05ADE}.Debug|Win32.ActiveCfg = Debug|Win32
		{2674F6B5-A004-4026-969F-154EE0A05ADE}.Debug|Win32.Build.0 = Debug|Win32
		{2674F6B5-A004-4026-969F-154EE0A05ADE}.Release|Win32.ActiveCfg = Release|Win32
		{2674F6B5-A004-4026-969F-154EE0A05ADE}.Release|Win32.Build.0 = Release|Win32
		{F6B7AED0-95DB-4E7B-9B3C-132608C8A4E9}.Debug|Win32.ActiveCfg = Debug|Win32
		{F6B7AED0-95DB-4E7B-9B3C-132608C8A4E9}.Debug|Win32.Build.0 = Debug|Win32
		{F6B7AED0-95DB-4E7B-9B3C-132608C8A4E9}.Release|Win32.ActiveCfg = Release|Win32
		{F6B7AED0-95DB-4E7B-9B3C-132608C8A4E9}.Release|Win32.Build.0 = Release|Win32
		{93802F58-9474-46C2-B509-467CF9821107}.Debug|Win32.ActiveCfg = Debug|Win32
		{93802F58-9474-46C2-B509-467CF9821107}.Debug|Win32.Build.0 = Debug|Win32
		{93802F58-9474-46C2-B509-467CF9821107}.Release|Win32.ActiveCfg = Release|Win32
		{93802F58-9474-46C2-B509-467CF9821107}.Release|Win32.Build.0 = Release|Win32
	EndGlobalSection
	GlobalSection(SolutionProperties) = preSolution
		HideSolutionNode = FALSE
	EndGlobalSection
	GlobalSection(NestedProjects) = preSolution
		{AEB82FEF-F3C5-41F6-A507-8BB0D6227CB3} = {EB104458-2846-47E4-BB69-6088D5C25BA8}
		{C1E8265F-9460-481E-98ED-34321566FF1A} = {EB104458-2846-47E4-BB69-6088D5C25BA8}
		{B40C5ACE-6CDC-4920-B8F9-1A6F10C4C6C7} = {EB104458-2846-47E4-BB69-6088D5C25BA8}
		{6426086E-D22D-413D-BDA9-74889AAD3B3A} = {EB104458-2846-47E4-BB69-6088D5C25BA8}
		{E6CE53E6-25BA-4247-8BA4-DA71AFBBDBE6} = {EB104458-2846-47E4-BB69-6088D5C25BA8}
		{296222D4-D285-43C0-81FB-DD9AF56DE197} = {EB104458-2846-47E4-BB69-6088D5C25BA8}
		{D3F3B589-0ADC-4820-A4F2-12D98D808F29} = {EB104458-2846-47E4-BB69-6088D5C25BA8}
		{E133D50B-145E-44A2-8A6E-D8148E52F6DE} = {EB104458-2846-47E4-BB69-6088D5C25BA8}
		{84E98F2D-521F-4CAF-B1ED-277621806EA7} = {EB104458-2846-47E4-BB69-6088D5C25BA8}
		{4AEBE2FC-9BEF-437B-9F0A-A8F3F75AFF79} = {EB104458-2846-47E4-BB69-6088D5C25BA8}
		{6F1CDB46-5CD3-45F5-80C1-1DEFDE404AEF} = {EB104458-2846-47E4-BB69-6088D5C25BA8}
		{1FA5DFEE-F938-4363-AE30-D4A0B3E8365F} = {EB104458-2846-47E4-BB69-6088D5C25BA8}
		{471DB907-58B3-46B6-BEC3-46978F5215DA} = {EB104458-2846-47E4-BB69-6088D5C25BA8}
		{C76157CB-7295-4809-8FD3-E9C359BCAE77} = {EB104458-2846-47E4-BB69-6088D5C25BA8}
	EndGlobalSection
EndGlobal
